
Microsoft Visual Studio Solution File, Format Version 12.00
# Visual Studio Version 17
VisualStudioVersion = 17.8.34322.80
MinimumVisualStudioVersion = 10.0.40219.1
Project("{9A19103F-16F7-4668-BE54-9A1E7A4F7556}") = "MadNature", "MadNature\MadNature.csproj", "{58333EED-F7D9-453D-89ED-C858EA54CD8E}"
EndProject
Global
	GlobalSection(SolutionConfigurationPlatforms) = preSolution
		Debug|Any CPU = Debug|Any CPU
		Release|Any CPU = Release|Any CPU
	EndGlobalSection
	GlobalSection(ProjectConfigurationPlatforms) = postSolution
		{58333EED-F7D9-453D-89ED-C858EA54CD8E}.Debug|Any CPU.ActiveCfg = Debug|Any CPU
		{58333EED-F7D9-453D-89ED-C858EA54CD8E}.Debug|Any CPU.Build.0 = Debug|Any CPU
		{58333EED-F7D9-453D-89ED-C858EA54CD8E}.Release|Any CPU.ActiveCfg = Release|Any CPU
		{58333EED-F7D9-453D-89ED-C858EA54CD8E}.Release|Any CPU.Build.0 = Release|Any CPU
	EndGlobalSection
	GlobalSection(SolutionProperties) = preSolution
		HideSolutionNode = FALSE
	EndGlobalSection
	GlobalSection(ExtensibilityGlobals) = postSolution
		SolutionGuid = {20C2AB76-2B8F-40FD-BED8-F09299CEE496}
	EndGlobalSection
EndGlobal
